// !$*UTF8*$!
{
	archiveVersion = 1;
	classes = {
	};
	objectVersion = 50;
	objects = {

/* Begin PBXBuildFile section */
		014A68CF247735E400552B2B /* TransitionCoordinator.swift in Sources */ = {isa = PBXBuildFile; fileRef = 014A68CE247735E400552B2B /* TransitionCoordinator.swift */; };
		014A68D12477360D00552B2B /* TransitionAnimator.swift in Sources */ = {isa = PBXBuildFile; fileRef = 014A68D02477360D00552B2B /* TransitionAnimator.swift */; };
		014A68D424780E4000552B2B /* MainTabBarViewController.m in Sources */ = {isa = PBXBuildFile; fileRef = 014A68D324780E4000552B2B /* MainTabBarViewController.m */; };
		01EE8A2024757A2B00EF1BF3 /* AppDelegate.m in Sources */ = {isa = PBXBuildFile; fileRef = 01EE8A1F24757A2B00EF1BF3 /* AppDelegate.m */; };
		01EE8A2324757A2B00EF1BF3 /* SceneDelegate.m in Sources */ = {isa = PBXBuildFile; fileRef = 01EE8A2224757A2B00EF1BF3 /* SceneDelegate.m */; };
		01EE8A2624757A2B00EF1BF3 /* FirstViewController.m in Sources */ = {isa = PBXBuildFile; fileRef = 01EE8A2524757A2B00EF1BF3 /* FirstViewController.m */; };
		01EE8A2924757A2B00EF1BF3 /* SecondViewController.m in Sources */ = {isa = PBXBuildFile; fileRef = 01EE8A2824757A2B00EF1BF3 /* SecondViewController.m */; };
		01EE8A2C24757A2B00EF1BF3 /* Main.storyboard in Resources */ = {isa = PBXBuildFile; fileRef = 01EE8A2A24757A2B00EF1BF3 /* Main.storyboard */; };
		01EE8A2E24757A2E00EF1BF3 /* Assets.xcassets in Resources */ = {isa = PBXBuildFile; fileRef = 01EE8A2D24757A2E00EF1BF3 /* Assets.xcassets */; };
		01EE8A3124757A2E00EF1BF3 /* LaunchScreen.storyboard in Resources */ = {isa = PBXBuildFile; fileRef = 01EE8A2F24757A2E00EF1BF3 /* LaunchScreen.storyboard */; };
		01EE8A3424757A2E00EF1BF3 /* main.m in Sources */ = {isa = PBXBuildFile; fileRef = 01EE8A3324757A2E00EF1BF3 /* main.m */; };
		01EE8A452475D29100EF1BF3 /* FirstSubViewController.m in Sources */ = {isa = PBXBuildFile; fileRef = 01EE8A442475D29100EF1BF3 /* FirstSubViewController.m */; };
/* End PBXBuildFile section */

/* Begin PBXFileReference section */
		014A68C7247731DE00552B2B /* Tabbed Project-Bridging-Header.h */ = {isa = PBXFileReference; lastKnownFileType = sourcecode.c.h; path = "Tabbed Project-Bridging-Header.h"; sourceTree = "<group>"; };
		014A68CE247735E400552B2B /* TransitionCoordinator.swift */ = {isa = PBXFileReference; lastKnownFileType = sourcecode.swift; path = TransitionCoordinator.swift; sourceTree = "<group>"; };
		014A68D02477360D00552B2B /* TransitionAnimator.swift */ = {isa = PBXFileReference; lastKnownFileType = sourcecode.swift; path = TransitionAnimator.swift; sourceTree = "<group>"; };
		014A68D224780E4000552B2B /* MainTabBarViewController.h */ = {isa = PBXFileReference; lastKnownFileType = sourcecode.c.h; path = MainTabBarViewController.h; sourceTree = "<group>"; };
		014A68D324780E4000552B2B /* MainTabBarViewController.m */ = {isa = PBXFileReference; lastKnownFileType = sourcecode.c.objc; path = MainTabBarViewController.m; sourceTree = "<group>"; };
		01EE8A1B24757A2B00EF1BF3 /* Tabbed Project.app */ = {isa = PBXFileReference; explicitFileType = wrapper.application; includeInIndex = 0; path = "Tabbed Project.app"; sourceTree = BUILT_PRODUCTS_DIR; };
		01EE8A1E24757A2B00EF1BF3 /* AppDelegate.h */ = {isa = PBXFileReference; lastKnownFileType = sourcecode.c.h; path = AppDelegate.h; sourceTree = "<group>"; };
		01EE8A1F24757A2B00EF1BF3 /* AppDelegate.m */ = {isa = PBXFileReference; lastKnownFileType = sourcecode.c.objc; path = AppDelegate.m; sourceTree = "<group>"; };
		01EE8A2124757A2B00EF1BF3 /* SceneDelegate.h */ = {isa = PBXFileReference; lastKnownFileType = sourcecode.c.h; path = SceneDelegate.h; sourceTree = "<group>"; };
		01EE8A2224757A2B00EF1BF3 /* SceneDelegate.m */ = {isa = PBXFileReference; lastKnownFileType = sourcecode.c.objc; path = SceneDelegate.m; sourceTree = "<group>"; };
		01EE8A2424757A2B00EF1BF3 /* FirstViewController.h */ = {isa = PBXFileReference; lastKnownFileType = sourcecode.c.h; path = FirstViewController.h; sourceTree = "<group>"; };
		01EE8A2524757A2B00EF1BF3 /* FirstViewController.m */ = {isa = PBXFileReference; lastKnownFileType = sourcecode.c.objc; path = FirstViewController.m; sourceTree = "<group>"; };
		01EE8A2724757A2B00EF1BF3 /* SecondViewController.h */ = {isa = PBXFileReference; lastKnownFileType = sourcecode.c.h; path = SecondViewController.h; sourceTree = "<group>"; };
		01EE8A2824757A2B00EF1BF3 /* SecondViewController.m */ = {isa = PBXFileReference; lastKnownFileType = sourcecode.c.objc; path = SecondViewController.m; sourceTree = "<group>"; };
		01EE8A2B24757A2B00EF1BF3 /* Base */ = {isa = PBXFileReference; lastKnownFileType = file.storyboard; name = Base; path = Base.lproj/Main.storyboard; sourceTree = "<group>"; };
		01EE8A2D24757A2E00EF1BF3 /* Assets.xcassets */ = {isa = PBXFileReference; lastKnownFileType = folder.assetcatalog; path = Assets.xcassets; sourceTree = "<group>"; };
		01EE8A3024757A2E00EF1BF3 /* Base */ = {isa = PBXFileReference; lastKnownFileType = file.storyboard; name = Base; path = Base.lproj/LaunchScreen.storyboard; sourceTree = "<group>"; };
		01EE8A3224757A2E00EF1BF3 /* Info.plist */ = {isa = PBXFileReference; lastKnownFileType = text.plist.xml; path = Info.plist; sourceTree = "<group>"; };
		01EE8A3324757A2E00EF1BF3 /* main.m */ = {isa = PBXFileReference; lastKnownFileType = sourcecode.c.objc; path = main.m; sourceTree = "<group>"; };
		01EE8A432475D29100EF1BF3 /* FirstSubViewController.h */ = {isa = PBXFileReference; lastKnownFileType = sourcecode.c.h; path = FirstSubViewController.h; sourceTree = "<group>"; };
		01EE8A442475D29100EF1BF3 /* FirstSubViewController.m */ = {isa = PBXFileReference; lastKnownFileType = sourcecode.c.objc; path = FirstSubViewController.m; sourceTree = "<group>"; };
/* End PBXFileReference section */

/* Begin PBXFrameworksBuildPhase section */
		01EE8A1824757A2B00EF1BF3 /* Frameworks */ = {
			isa = PBXFrameworksBuildPhase;
			buildActionMask = 2147483647;
			files = (
			);
			runOnlyForDeploymentPostprocessing = 0;
		};
/* End PBXFrameworksBuildPhase section */

/* Begin PBXGroup section */
		01EE8A1224757A2B00EF1BF3 = {
			isa = PBXGroup;
			children = (
				01EE8A1D24757A2B00EF1BF3 /* Tabbed Project */,
				01EE8A1C24757A2B00EF1BF3 /* Products */,
			);
			sourceTree = "<group>";
		};
		01EE8A1C24757A2B00EF1BF3 /* Products */ = {
			isa = PBXGroup;
			children = (
				01EE8A1B24757A2B00EF1BF3 /* Tabbed Project.app */,
			);
			name = Products;
			sourceTree = "<group>";
		};
		01EE8A1D24757A2B00EF1BF3 /* Tabbed Project */ = {
			isa = PBXGroup;
			children = (
				01EE8A1E24757A2B00EF1BF3 /* AppDelegate.h */,
				01EE8A1F24757A2B00EF1BF3 /* AppDelegate.m */,
				01EE8A2124757A2B00EF1BF3 /* SceneDelegate.h */,
				01EE8A2224757A2B00EF1BF3 /* SceneDelegate.m */,
				01EE8A2424757A2B00EF1BF3 /* FirstViewController.h */,
				01EE8A2524757A2B00EF1BF3 /* FirstViewController.m */,
				01EE8A2724757A2B00EF1BF3 /* SecondViewController.h */,
				01EE8A2824757A2B00EF1BF3 /* SecondViewController.m */,
				01EE8A2A24757A2B00EF1BF3 /* Main.storyboard */,
				01EE8A2D24757A2E00EF1BF3 /* Assets.xcassets */,
				01EE8A2F24757A2E00EF1BF3 /* LaunchScreen.storyboard */,
				01EE8A3224757A2E00EF1BF3 /* Info.plist */,
				01EE8A3324757A2E00EF1BF3 /* main.m */,
				01EE8A432475D29100EF1BF3 /* FirstSubViewController.h */,
				01EE8A442475D29100EF1BF3 /* FirstSubViewController.m */,
				014A68C7247731DE00552B2B /* Tabbed Project-Bridging-Header.h */,
				014A68CE247735E400552B2B /* TransitionCoordinator.swift */,
				014A68D02477360D00552B2B /* TransitionAnimator.swift */,
				014A68D224780E4000552B2B /* MainTabBarViewController.h */,
				014A68D324780E4000552B2B /* MainTabBarViewController.m */,
			);
			path = "Tabbed Project";
			sourceTree = "<group>";
		};
/* End PBXGroup section */

/* Begin PBXNativeTarget section */
		01EE8A1A24757A2B00EF1BF3 /* Tabbed Project */ = {
			isa = PBXNativeTarget;
			buildConfigurationList = 01EE8A3724757A2E00EF1BF3 /* Build configuration list for PBXNativeTarget "Tabbed Project" */;
			buildPhases = (
				01EE8A1724757A2B00EF1BF3 /* Sources */,
				01EE8A1824757A2B00EF1BF3 /* Frameworks */,
				01EE8A1924757A2B00EF1BF3 /* Resources */,
			);
			buildRules = (
			);
			dependencies = (
			);
			name = "Tabbed Project";
			productName = "Tabbed Project";
			productReference = 01EE8A1B24757A2B00EF1BF3 /* Tabbed Project.app */;
			productType = "com.apple.product-type.application";
		};
/* End PBXNativeTarget section */

/* Begin PBXProject section */
		01EE8A1324757A2B00EF1BF3 /* Project object */ = {
			isa = PBXProject;
			attributes = {
				LastUpgradeCheck = 1140;
				ORGANIZATIONNAME = "Chris Wheeler";
				TargetAttributes = {
					01EE8A1A24757A2B00EF1BF3 = {
						CreatedOnToolsVersion = 11.4.1;
						LastSwiftMigration = 1150;
					};
				};
			};
			buildConfigurationList = 01EE8A1624757A2B00EF1BF3 /* Build configuration list for PBXProject "Tabbed Project" */;
			compatibilityVersion = "Xcode 9.3";
			developmentRegion = en;
			hasScannedForEncodings = 0;
			knownRegions = (
				en,
				Base,
			);
			mainGroup = 01EE8A1224757A2B00EF1BF3;
			productRefGroup = 01EE8A1C24757A2B00EF1BF3 /* Products */;
			projectDirPath = "";
			projectRoot = "";
			targets = (
				01EE8A1A24757A2B00EF1BF3 /* Tabbed Project */,
			);
		};
/* End PBXProject section */

/* Begin PBXResourcesBuildPhase section */
		01EE8A1924757A2B00EF1BF3 /* Resources */ = {
			isa = PBXResourcesBuildPhase;
			buildActionMask = 2147483647;
			files = (
				01EE8A3124757A2E00EF1BF3 /* LaunchScreen.storyboard in Resources */,
				01EE8A2E24757A2E00EF1BF3 /* Assets.xcassets in Resources */,
				01EE8A2C24757A2B00EF1BF3 /* Main.storyboard in Resources */,
			);
			runOnlyForDeploymentPostprocessing = 0;
		};
/* End PBXResourcesBuildPhase section */

/* Begin PBXSourcesBuildPhase section */
		01EE8A1724757A2B00EF1BF3 /* Sources */ = {
			isa = PBXSourcesBuildPhase;
			buildActionMask = 2147483647;
			files = (
				01EE8A3424757A2E00EF1BF3 /* main.m in Sources */,
				014A68D12477360D00552B2B /* TransitionAnimator.swift in Sources */,
				01EE8A2924757A2B00EF1BF3 /* SecondViewController.m in Sources */,
				01EE8A452475D29100EF1BF3 /* FirstSubViewController.m in Sources */,
				01EE8A2024757A2B00EF1BF3 /* AppDelegate.m in Sources */,
				014A68CF247735E400552B2B /* TransitionCoordinator.swift in Sources */,
				014A68D424780E4000552B2B /* MainTabBarViewController.m in Sources */,
				01EE8A2624757A2B00EF1BF3 /* FirstViewController.m in Sources */,
				01EE8A2324757A2B00EF1BF3 /* SceneDelegate.m in Sources */,
			);
			runOnlyForDeploymentPostprocessing = 0;
		};
/* End PBXSourcesBuildPhase section */

/* Begin PBXVariantGroup section */
		01EE8A2A24757A2B00EF1BF3 /* Main.storyboard */ = {
			isa = PBXVariantGroup;
			children = (
				01EE8A2B24757A2B00EF1BF3 /* Base */,
			);
			name = Main.storyboard;
			sourceTree = "<group>";
		};
		01EE8A2F24757A2E00EF1BF3 /* LaunchScreen.storyboard */ = {
			isa = PBXVariantGroup;
			children = (
				01EE8A3024757A2E00EF1BF3 /* Base */,
			);
			name = LaunchScreen.storyboard;
			sourceTree = "<group>";
		};
/* End PBXVariantGroup section */

/* Begin XCBuildConfiguration section */
		01EE8A3524757A2E00EF1BF3 /* Debug */ = {
			isa = XCBuildConfiguration;
			buildSettings = {
				ALWAYS_SEARCH_USER_PATHS = NO;
				CLANG_ANALYZER_NONNULL = YES;
				CLANG_ANALYZER_NUMBER_OBJECT_CONVERSION = YES_AGGRESSIVE;
				CLANG_CXX_LANGUAGE_STANDARD = "gnu++14";
				CLANG_CXX_LIBRARY = "libc++";
				CLANG_ENABLE_MODULES = YES;
				CLANG_ENABLE_OBJC_ARC = YES;
				CLANG_ENABLE_OBJC_WEAK = YES;
				CLANG_WARN_BLOCK_CAPTURE_AUTORELEASING = YES;
				CLANG_WARN_BOOL_CONVERSION = YES;
				CLANG_WARN_COMMA = YES;
				CLANG_WARN_CONSTANT_CONVERSION = YES;
				CLANG_WARN_DEPRECATED_OBJC_IMPLEMENTATIONS = YES;
				CLANG_WARN_DIRECT_OBJC_ISA_USAGE = YES_ERROR;
				CLANG_WARN_DOCUMENTATION_COMMENTS = YES;
				CLANG_WARN_EMPTY_BODY = YES;
				CLANG_WARN_ENUM_CONVERSION = YES;
				CLANG_WARN_INFINITE_RECURSION = YES;
				CLANG_WARN_INT_CONVERSION = YES;
				CLANG_WARN_NON_LITERAL_NULL_CONVERSION = YES;
				CLANG_WARN_OBJC_IMPLICIT_RETAIN_SELF = YES;
				CLANG_WARN_OBJC_LITERAL_CONVERSION = YES;
				CLANG_WARN_OBJC_ROOT_CLASS = YES_ERROR;
				CLANG_WARN_RANGE_LOOP_ANALYSIS = YES;
				CLANG_WARN_STRICT_PROTOTYPES = YES;
				CLANG_WARN_SUSPICIOUS_MOVE = YES;
				CLANG_WARN_UNGUARDED_AVAILABILITY = YES_AGGRESSIVE;
				CLANG_WARN_UNREACHABLE_CODE = YES;
				CLANG_WARN__DUPLICATE_METHOD_MATCH = YES;
				COPY_PHASE_STRIP = NO;
				DEBUG_INFORMATION_FORMAT = dwarf;
				ENABLE_STRICT_OBJC_MSGSEND = YES;
				ENABLE_TESTABILITY = YES;
				GCC_C_LANGUAGE_STANDARD = gnu11;
				GCC_DYNAMIC_NO_PIC = NO;
				GCC_NO_COMMON_BLOCKS = YES;
				GCC_OPTIMIZATION_LEVEL = 0;
				GCC_PREPROCESSOR_DEFINITIONS = (
					"DEBUG=1",
					"$(inherited)",
				);
				GCC_WARN_64_TO_32_BIT_CONVERSION = YES;
				GCC_WARN_ABOUT_RETURN_TYPE = YES_ERROR;
				GCC_WARN_UNDECLARED_SELECTOR = YES;
				GCC_WARN_UNINITIALIZED_AUTOS = YES_AGGRESSIVE;
				GCC_WARN_UNUSED_FUNCTION = YES;
				GCC_WARN_UNUSED_VARIABLE = YES;
				IPHONEOS_DEPLOYMENT_TARGET = 13.4;
				MTL_ENABLE_DEBUG_INFO = INCLUDE_SOURCE;
				MTL_FAST_MATH = YES;
				ONLY_ACTIVE_ARCH = YES;
				SDKROOT = iphoneos;
			};
			name = Debug;
		};
		01EE8A3624757A2E00EF1BF3 /* Release */ = {
			isa = XCBuildConfiguration;
			buildSettings = {
				ALWAYS_SEARCH_USER_PATHS = NO;
				CLANG_ANALYZER_NONNULL = YES;
				CLANG_ANALYZER_NUMBER_OBJECT_CONVERSION = YES_AGGRESSIVE;
				CLANG_CXX_LANGUAGE_STANDARD = "gnu++14";
				CLANG_CXX_LIBRARY = "libc++";
				CLANG_ENABLE_MODULES = YES;
				CLANG_ENABLE_OBJC_ARC = YES;
				CLANG_ENABLE_OBJC_WEAK = YES;
				CLANG_WARN_BLOCK_CAPTURE_AUTORELEASING = YES;
				CLANG_WARN_BOOL_CONVERSION = YES;
				CLANG_WARN_COMMA = YES;
				CLANG_WARN_CONSTANT_CONVERSION = YES;
				CLANG_WARN_DEPRECATED_OBJC_IMPLEMENTATIONS = YES;
				CLANG_WARN_DIRECT_OBJC_ISA_USAGE = YES_ERROR;
				CLANG_WARN_DOCUMENTATION_COMMENTS = YES;
				CLANG_WARN_EMPTY_BODY = YES;
				CLANG_WARN_ENUM_CONVERSION = YES;
				CLANG_WARN_INFINITE_RECURSION = YES;
				CLANG_WARN_INT_CONVERSION = YES;
				CLANG_WARN_NON_LITERAL_NULL_CONVERSION = YES;
				CLANG_WARN_OBJC_IMPLICIT_RETAIN_SELF = YES;
				CLANG_WARN_OBJC_LITERAL_CONVERSION = YES;
				CLANG_WARN_OBJC_ROOT_CLASS = YES_ERROR;
				CLANG_WARN_RANGE_LOOP_ANALYSIS = YES;
				CLANG_WARN_STRICT_PROTOTYPES = YES;
				CLANG_WARN_SUSPICIOUS_MOVE = YES;
				CLANG_WARN_UNGUARDED_AVAILABILITY = YES_AGGRESSIVE;
				CLANG_WARN_UNREACHABLE_CODE = YES;
				CLANG_WARN__DUPLICATE_METHOD_MATCH = YES;
				COPY_PHASE_STRIP = NO;
				DEBUG_INFORMATION_FORMAT = "dwarf-with-dsym";
				ENABLE_NS_ASSERTIONS = NO;
				ENABLE_STRICT_OBJC_MSGSEND = YES;
				GCC_C_LANGUAGE_STANDARD = gnu11;
				GCC_NO_COMMON_BLOCKS = YES;
				GCC_WARN_64_TO_32_BIT_CONVERSION = YES;
				GCC_WARN_ABOUT_RETURN_TYPE = YES_ERROR;
				GCC_WARN_UNDECLARED_SELECTOR = YES;
				GCC_WARN_UNINITIALIZED_AUTOS = YES_AGGRESSIVE;
				GCC_WARN_UNUSED_FUNCTION = YES;
				GCC_WARN_UNUSED_VARIABLE = YES;
				IPHONEOS_DEPLOYMENT_TARGET = 13.4;
				MTL_ENABLE_DEBUG_INFO = NO;
				MTL_FAST_MATH = YES;
				SDKROOT = iphoneos;
				VALIDATE_PRODUCT = YES;
			};
			name = Release;
		};
		01EE8A3824757A2E00EF1BF3 /* Debug */ = {
			isa = XCBuildConfiguration;
			buildSettings = {
				ASSETCATALOG_COMPILER_APPICON_NAME = AppIcon;
				CLANG_ENABLE_MODULES = YES;
				CODE_SIGN_STYLE = Automatic;
				DEVELOPMENT_TEAM = W23BU7529C;
				INFOPLIST_FILE = "Tabbed Project/Info.plist";
				IPHONEOS_DEPLOYMENT_TARGET = 13.0;
				LD_RUNPATH_SEARCH_PATHS = (
					"$(inherited)",
					"@executable_path/Frameworks",
				);
				PRODUCT_BUNDLE_IDENTIFIER = "wheelerchris.Tabbed-Project";
				PRODUCT_NAME = "$(TARGET_NAME)";
				SWIFT_OBJC_BRIDGING_HEADER = "Tabbed Project/Tabbed Project-Bridging-Header.h";
				SWIFT_OPTIMIZATION_LEVEL = "-Onone";
				SWIFT_VERSION = 5.0;
				TARGETED_DEVICE_FAMILY = "1,2";
			};
			name = Debug;
		};
		01EE8A3924757A2E00EF1BF3 /* Release */ = {
			isa = XCBuildConfiguration;
			buildSettings = {
				ASSETCATALOG_COMPILER_APPICON_NAME = AppIcon;
				CLANG_ENABLE_MODULES = YES;
				CODE_SIGN_STYLE = Automatic;
				DEVELOPMENT_TEAM = W23BU7529C;
				INFOPLIST_FILE = "Tabbed Project/Info.plist";
				IPHONEOS_DEPLOYMENT_TARGET = 13.0;
				LD_RUNPATH_SEARCH_PATHS = (
					"$(inherited)",
					"@executable_path/Frameworks",
				);
				PRODUCT_BUNDLE_IDENTIFIER = "wheelerchris.Tabbed-Project";
				PRODUCT_NAME = "$(TARGET_NAME)";
				SWIFT_OBJC_BRIDGING_HEADER = "Tabbed Project/Tabbed Project-Bridging-Header.h";
				SWIFT_VERSION = 5.0;
				TARGETED_DEVICE_FAMILY = "1,2";
			};
			name = Release;
		};
/* End XCBuildConfiguration section */

/* Begin XCConfigurationList section */
		01EE8A1624757A2B00EF1BF3 /* Build configuration list for PBXProject "Tabbed Project" */ = {
			isa = XCConfigurationList;
			buildConfigurations = (
				01EE8A3524757A2E00EF1BF3 /* Debug */,
				01EE8A3624757A2E00EF1BF3 /* Release */,
			);
			defaultConfigurationIsVisible = 0;
			defaultConfigurationName = Release;
		};
		01EE8A3724757A2E00EF1BF3 /* Build configuration list for PBXNativeTarget "Tabbed Project" */ = {
			isa = XCConfigurationList;
			buildConfigurations = (
				01EE8A3824757A2E00EF1BF3 /* Debug */,
				01EE8A3924757A2E00EF1BF3 /* Release */,
			);
			defaultConfigurationIsVisible = 0;
			defaultConfigurationName = Release;
		};
/* End XCConfigurationList section */
	};
	rootObject = 01EE8A1324757A2B00EF1BF3 /* Project object */;
}
